
Microsoft Visual Studio Solution File, Format Version 12.00
# Visual Studio 2015
Project("{FAE04EC0-301F-11D3-BF4B-00C04F79EFBC}") = "MidTerm - StarWars - 300844877.CSharp", "MidTerm - StarWars - 300844877.CSharp.csproj", "{DFEFFB14-96FC-5988-347F-8942468F7409}"
EndProject
Global
	GlobalSection(SolutionConfigurationPlatforms) = preSolution
		Debug|Any CPU = Debug|Any CPU
		Release|Any CPU = Release|Any CPU
	EndGlobalSection
	GlobalSection(ProjectConfigurationPlatforms) = postSolution
		{DFEFFB14-96FC-5988-347F-8942468F7409}.Debug|Any CPU.ActiveCfg = Debug|Any CPU
		{DFEFFB14-96FC-5988-347F-8942468F7409}.Debug|Any CPU.Build.0 = Debug|Any CPU
		{DFEFFB14-96FC-5988-347F-8942468F7409}.Release|Any CPU.ActiveCfg = Release|Any CPU
		{DFEFFB14-96FC-5988-347F-8942468F7409}.Release|Any CPU.Build.0 = Release|Any CPU
	EndGlobalSection
	GlobalSection(SolutionProperties) = preSolution
		HideSolutionNode = FALSE
	EndGlobalSection
EndGlobal
